
Microsoft Visual Studio Solution File, Format Version 12.00
# Visual Studio 14
VisualStudioVersion = 14.0.25123.0
MinimumVisualStudioVersion = 10.0.40219.1
Project("{E24C65DC-7377-472B-9ABA-BC803B73C61A}") = "UI", ".", "{D3509201-E8A4-432E-85AC-558915D9474A}"
	ProjectSection(WebsiteProperties) = preProject
		TargetFrameworkMoniker = ".NETFramework,Version%3Dv4.5"
		Debug.AspNetCompiler.VirtualPath = "/localhost_1538"
		Debug.AspNetCompiler.PhysicalPath = "F:\Download\28) PeymanMq\Info\UI\"
		Debug.AspNetCompiler.TargetPath = "PrecompiledWeb\localhost_1538\"
		Debug.AspNetCompiler.Updateable = "true"
		Debug.AspNetCompiler.ForceOverwrite = "true"
		Debug.AspNetCompiler.FixedNames = "false"
		Debug.AspNetCompiler.Debug = "True"
		Release.AspNetCompiler.VirtualPath = "/localhost_1538"
		Release.AspNetCompiler.PhysicalPath = "F:\Download\28) PeymanMq\Info\UI\"
		Release.AspNetCompiler.TargetPath = "PrecompiledWeb\localhost_1538\"
		Release.AspNetCompiler.Updateable = "true"
		Release.AspNetCompiler.ForceOverwrite = "true"
		Release.AspNetCompiler.FixedNames = "false"
		Release.AspNetCompiler.Debug = "False"
		VWDPort = "1538"
	EndProjectSection
EndProject
Global
	GlobalSection(SolutionConfigurationPlatforms) = preSolution
		Debug|Any CPU = Debug|Any CPU
	EndGlobalSection
	GlobalSection(ProjectConfigurationPlatforms) = postSolution
		{D3509201-E8A4-432E-85AC-558915D9474A}.Debug|Any CPU.ActiveCfg = Debug|Any CPU
		{D3509201-E8A4-432E-85AC-558915D9474A}.Debug|Any CPU.Build.0 = Debug|Any CPU
	EndGlobalSection
	GlobalSection(SolutionProperties) = preSolution
		HideSolutionNode = FALSE
	EndGlobalSection
EndGlobal
